// !$*UTF8*$!
{
	archiveVersion = 1;
	classes = {
	};
	objectVersion = 56;
	objects = {

/* Begin PBXBuildFile section */
		D09964422A6EA0B700B41CE3 /* IceImageMemoApp.swift in Sources */ = {isa = PBXBuildFile; fileRef = D09964412A6EA0B700B41CE3 /* IceImageMemoApp.swift */; };
		D09964442A6EA0B700B41CE3 /* ContentView.swift in Sources */ = {isa = PBXBuildFile; fileRef = D09964432A6EA0B700B41CE3 /* ContentView.swift */; };
		D09964462A6EA0B900B41CE3 /* Assets.xcassets in Resources */ = {isa = PBXBuildFile; fileRef = D09964452A6EA0B900B41CE3 /* Assets.xcassets */; };
		D09964492A6EA0B900B41CE3 /* Preview Assets.xcassets in Resources */ = {isa = PBXBuildFile; fileRef = D09964482A6EA0B900B41CE3 /* Preview Assets.xcassets */; };
		D09964522A6EE74800B41CE3 /* GridView.swift in Sources */ = {isa = PBXBuildFile; fileRef = D09964512A6EE74800B41CE3 /* GridView.swift */; };
		D09964542A6EE76B00B41CE3 /* showImage.swift in Sources */ = {isa = PBXBuildFile; fileRef = D09964532A6EE76A00B41CE3 /* showImage.swift */; };
		D09964562A6EE82800B41CE3 /* CameraView.swift in Sources */ = {isa = PBXBuildFile; fileRef = D09964552A6EE82800B41CE3 /* CameraView.swift */; };
		D09964582A6EED0500B41CE3 /* file_control.swift in Sources */ = {isa = PBXBuildFile; fileRef = D09964572A6EED0500B41CE3 /* file_control.swift */; };
		D099645A2A6EED1900B41CE3 /* file_control2.swift in Sources */ = {isa = PBXBuildFile; fileRef = D09964592A6EED1900B41CE3 /* file_control2.swift */; };
		D099645C2A6EED3000B41CE3 /* date_control.swift in Sources */ = {isa = PBXBuildFile; fileRef = D099645B2A6EED3000B41CE3 /* date_control.swift */; };
		D099645E2A6EED6000B41CE3 /* exif_control.swift in Sources */ = {isa = PBXBuildFile; fileRef = D099645D2A6EED6000B41CE3 /* exif_control.swift */; };
/* End PBXBuildFile section */

/* Begin PBXFileReference section */
		944E089C2A6FAFA100163123 /* Info.plist */ = {isa = PBXFileReference; lastKnownFileType = text.plist; path = Info.plist; sourceTree = "<group>"; };
		D099643E2A6EA0B700B41CE3 /* IceImageMemo.app */ = {isa = PBXFileReference; explicitFileType = wrapper.application; includeInIndex = 0; path = IceImageMemo.app; sourceTree = BUILT_PRODUCTS_DIR; };
		D09964412A6EA0B700B41CE3 /* IceImageMemoApp.swift */ = {isa = PBXFileReference; lastKnownFileType = sourcecode.swift; path = IceImageMemoApp.swift; sourceTree = "<group>"; };
		D09964432A6EA0B700B41CE3 /* ContentView.swift */ = {isa = PBXFileReference; lastKnownFileType = sourcecode.swift; path = ContentView.swift; sourceTree = "<group>"; };
		D09964452A6EA0B900B41CE3 /* Assets.xcassets */ = {isa = PBXFileReference; lastKnownFileType = folder.assetcatalog; path = Assets.xcassets; sourceTree = "<group>"; };
		D09964482A6EA0B900B41CE3 /* Preview Assets.xcassets */ = {isa = PBXFileReference; lastKnownFileType = folder.assetcatalog; path = "Preview Assets.xcassets"; sourceTree = "<group>"; };
		D09964512A6EE74800B41CE3 /* GridView.swift */ = {isa = PBXFileReference; lastKnownFileType = sourcecode.swift; path = GridView.swift; sourceTree = "<group>"; };
		D09964532A6EE76A00B41CE3 /* showImage.swift */ = {isa = PBXFileReference; lastKnownFileType = sourcecode.swift; path = showImage.swift; sourceTree = "<group>"; };
		D09964552A6EE82800B41CE3 /* CameraView.swift */ = {isa = PBXFileReference; lastKnownFileType = sourcecode.swift; path = CameraView.swift; sourceTree = "<group>"; };
		D09964572A6EED0500B41CE3 /* file_control.swift */ = {isa = PBXFileReference; lastKnownFileType = sourcecode.swift; path = file_control.swift; sourceTree = "<group>"; };
		D09964592A6EED1900B41CE3 /* file_control2.swift */ = {isa = PBXFileReference; lastKnownFileType = sourcecode.swift; path = file_control2.swift; sourceTree = "<group>"; };
		D099645B2A6EED3000B41CE3 /* date_control.swift */ = {isa = PBXFileReference; lastKnownFileType = sourcecode.swift; path = date_control.swift; sourceTree = "<group>"; };
		D099645D2A6EED6000B41CE3 /* exif_control.swift */ = {isa = PBXFileReference; lastKnownFileType = sourcecode.swift; path = exif_control.swift; sourceTree = "<group>"; };
/* End PBXFileReference section */

/* Begin PBXFrameworksBuildPhase section */
		D099643B2A6EA0B700B41CE3 /* Frameworks */ = {
			isa = PBXFrameworksBuildPhase;
			buildActionMask = 2147483647;
			files = (
			);
			runOnlyForDeploymentPostprocessing = 0;
		};
/* End PBXFrameworksBuildPhase section */

/* Begin PBXGroup section */
		D09964352A6EA0B700B41CE3 = {
			isa = PBXGroup;
			children = (
				D09964402A6EA0B700B41CE3 /* IceImageMemo */,
				D099643F2A6EA0B700B41CE3 /* Products */,
			);
			sourceTree = "<group>";
		};
		D099643F2A6EA0B700B41CE3 /* Products */ = {
			isa = PBXGroup;
			children = (
				D099643E2A6EA0B700B41CE3 /* IceImageMemo.app */,
			);
			name = Products;
			sourceTree = "<group>";
		};
		D09964402A6EA0B700B41CE3 /* IceImageMemo */ = {
			isa = PBXGroup;
			children = (
				944E089C2A6FAFA100163123 /* Info.plist */,
				D09964412A6EA0B700B41CE3 /* IceImageMemoApp.swift */,
				D09964432A6EA0B700B41CE3 /* ContentView.swift */,
				D09964512A6EE74800B41CE3 /* GridView.swift */,
				D09964532A6EE76A00B41CE3 /* showImage.swift */,
				D09964552A6EE82800B41CE3 /* CameraView.swift */,
				D09964572A6EED0500B41CE3 /* file_control.swift */,
				D09964592A6EED1900B41CE3 /* file_control2.swift */,
				D099645B2A6EED3000B41CE3 /* date_control.swift */,
				D099645D2A6EED6000B41CE3 /* exif_control.swift */,
				D09964452A6EA0B900B41CE3 /* Assets.xcassets */,
				D09964472A6EA0B900B41CE3 /* Preview Content */,
			);
			path = IceImageMemo;
			sourceTree = "<group>";
		};
		D09964472A6EA0B900B41CE3 /* Preview Content */ = {
			isa = PBXGroup;
			children = (
				D09964482A6EA0B900B41CE3 /* Preview Assets.xcassets */,
			);
			path = "Preview Content";
			sourceTree = "<group>";
		};
/* End PBXGroup section */

/* Begin PBXNativeTarget section */
		D099643D2A6EA0B700B41CE3 /* IceImageMemo */ = {
			isa = PBXNativeTarget;
			buildConfigurationList = D099644C2A6EA0B900B41CE3 /* Build configuration list for PBXNativeTarget "IceImageMemo" */;
			buildPhases = (
				D099643A2A6EA0B700B41CE3 /* Sources */,
				D099643B2A6EA0B700B41CE3 /* Frameworks */,
				D099643C2A6EA0B700B41CE3 /* Resources */,
			);
			buildRules = (
			);
			dependencies = (
			);
			name = IceImageMemo;
			productName = IceImageMemo;
			productReference = D099643E2A6EA0B700B41CE3 /* IceImageMemo.app */;
			productType = "com.apple.product-type.application";
		};
/* End PBXNativeTarget section */

/* Begin PBXProject section */
		D09964362A6EA0B700B41CE3 /* Project object */ = {
			isa = PBXProject;
			attributes = {
				BuildIndependentTargetsInParallel = 1;
				LastSwiftUpdateCheck = 1430;
				LastUpgradeCheck = 1430;
				TargetAttributes = {
					D099643D2A6EA0B700B41CE3 = {
						CreatedOnToolsVersion = 14.3.1;
					};
				};
			};
			buildConfigurationList = D09964392A6EA0B700B41CE3 /* Build configuration list for PBXProject "IceImageMemo" */;
			compatibilityVersion = "Xcode 14.0";
			developmentRegion = en;
			hasScannedForEncodings = 0;
			knownRegions = (
				en,
				Base,
			);
			mainGroup = D09964352A6EA0B700B41CE3;
			productRefGroup = D099643F2A6EA0B700B41CE3 /* Products */;
			projectDirPath = "";
			projectRoot = "";
			targets = (
				D099643D2A6EA0B700B41CE3 /* IceImageMemo */,
			);
		};
/* End PBXProject section */

/* Begin PBXResourcesBuildPhase section */
		D099643C2A6EA0B700B41CE3 /* Resources */ = {
			isa = PBXResourcesBuildPhase;
			buildActionMask = 2147483647;
			files = (
				D09964492A6EA0B900B41CE3 /* Preview Assets.xcassets in Resources */,
				D09964462A6EA0B900B41CE3 /* Assets.xcassets in Resources */,
			);
			runOnlyForDeploymentPostprocessing = 0;
		};
/* End PBXResourcesBuildPhase section */

/* Begin PBXSourcesBuildPhase section */
		D099643A2A6EA0B700B41CE3 /* Sources */ = {
			isa = PBXSourcesBuildPhase;
			buildActionMask = 2147483647;
			files = (
				D099645A2A6EED1900B41CE3 /* file_control2.swift in Sources */,
				D09964442A6EA0B700B41CE3 /* ContentView.swift in Sources */,
				D09964522A6EE74800B41CE3 /* GridView.swift in Sources */,
				D099645C2A6EED3000B41CE3 /* date_control.swift in Sources */,
				D09964542A6EE76B00B41CE3 /* showImage.swift in Sources */,
				D09964582A6EED0500B41CE3 /* file_control.swift in Sources */,
				D099645E2A6EED6000B41CE3 /* exif_control.swift in Sources */,
				D09964562A6EE82800B41CE3 /* CameraView.swift in Sources */,
				D09964422A6EA0B700B41CE3 /* IceImageMemoApp.swift in Sources */,
			);
			runOnlyForDeploymentPostprocessing = 0;
		};
/* End PBXSourcesBuildPhase section */

/* Begin XCBuildConfiguration section */
		D099644A2A6EA0B900B41CE3 /* Debug */ = {
			isa = XCBuildConfiguration;
			buildSettings = {
				ALWAYS_SEARCH_USER_PATHS = NO;
				CLANG_ANALYZER_NONNULL = YES;
				CLANG_ANALYZER_NUMBER_OBJECT_CONVERSION = YES_AGGRESSIVE;
				CLANG_CXX_LANGUAGE_STANDARD = "gnu++20";
				CLANG_ENABLE_MODULES = YES;
				CLANG_ENABLE_OBJC_ARC = YES;
				CLANG_ENABLE_OBJC_WEAK = YES;
				CLANG_WARN_BLOCK_CAPTURE_AUTORELEASING = YES;
				CLANG_WARN_BOOL_CONVERSION = YES;
				CLANG_WARN_COMMA = YES;
				CLANG_WARN_CONSTANT_CONVERSION = YES;
				CLANG_WARN_DEPRECATED_OBJC_IMPLEMENTATIONS = YES;
				CLANG_WARN_DIRECT_OBJC_ISA_USAGE = YES_ERROR;
				CLANG_WARN_DOCUMENTATION_COMMENTS = YES;
				CLANG_WARN_EMPTY_BODY = YES;
				CLANG_WARN_ENUM_CONVERSION = YES;
				CLANG_WARN_INFINITE_RECURSION = YES;
				CLANG_WARN_INT_CONVERSION = YES;
				CLANG_WARN_NON_LITERAL_NULL_CONVERSION = YES;
				CLANG_WARN_OBJC_IMPLICIT_RETAIN_SELF = YES;
				CLANG_WARN_OBJC_LITERAL_CONVERSION = YES;
				CLANG_WARN_OBJC_ROOT_CLASS = YES_ERROR;
				CLANG_WARN_QUOTED_INCLUDE_IN_FRAMEWORK_HEADER = YES;
				CLANG_WARN_RANGE_LOOP_ANALYSIS = YES;
				CLANG_WARN_STRICT_PROTOTYPES = YES;
				CLANG_WARN_SUSPICIOUS_MOVE = YES;
				CLANG_WARN_UNGUARDED_AVAILABILITY = YES_AGGRESSIVE;
				CLANG_WARN_UNREACHABLE_CODE = YES;
				CLANG_WARN__DUPLICATE_METHOD_MATCH = YES;
				COPY_PHASE_STRIP = NO;
				DEBUG_INFORMATION_FORMAT = dwarf;
				ENABLE_STRICT_OBJC_MSGSEND = YES;
				ENABLE_TESTABILITY = YES;
				GCC_C_LANGUAGE_STANDARD = gnu11;
				GCC_DYNAMIC_NO_PIC = NO;
				GCC_NO_COMMON_BLOCKS = YES;
				GCC_OPTIMIZATION_LEVEL = 0;
				GCC_PREPROCESSOR_DEFINITIONS = (
					"DEBUG=1",
					"$(inherited)",
				);
				GCC_WARN_64_TO_32_BIT_CONVERSION = YES;
				GCC_WARN_ABOUT_RETURN_TYPE = YES_ERROR;
				GCC_WARN_UNDECLARED_SELECTOR = YES;
				GCC_WARN_UNINITIALIZED_AUTOS = YES_AGGRESSIVE;
				GCC_WARN_UNUSED_FUNCTION = YES;
				GCC_WARN_UNUSED_VARIABLE = YES;
				IPHONEOS_DEPLOYMENT_TARGET = 16.4;
				MTL_ENABLE_DEBUG_INFO = INCLUDE_SOURCE;
				MTL_FAST_MATH = YES;
				ONLY_ACTIVE_ARCH = YES;
				SDKROOT = iphoneos;
				SWIFT_ACTIVE_COMPILATION_CONDITIONS = DEBUG;
				SWIFT_OPTIMIZATION_LEVEL = "-Onone";
			};
			name = Debug;
		};
		D099644B2A6EA0B900B41CE3 /* Release */ = {
			isa = XCBuildConfiguration;
			buildSettings = {
				ALWAYS_SEARCH_USER_PATHS = NO;
				CLANG_ANALYZER_NONNULL = YES;
				CLANG_ANALYZER_NUMBER_OBJECT_CONVERSION = YES_AGGRESSIVE;
				CLANG_CXX_LANGUAGE_STANDARD = "gnu++20";
				CLANG_ENABLE_MODULES = YES;
				CLANG_ENABLE_OBJC_ARC = YES;
				CLANG_ENABLE_OBJC_WEAK = YES;
				CLANG_WARN_BLOCK_CAPTURE_AUTORELEASING = YES;
				CLANG_WARN_BOOL_CONVERSION = YES;
				CLANG_WARN_COMMA = YES;
				CLANG_WARN_CONSTANT_CONVERSION = YES;
				CLANG_WARN_DEPRECATED_OBJC_IMPLEMENTATIONS = YES;
				CLANG_WARN_DIRECT_OBJC_ISA_USAGE = YES_ERROR;
				CLANG_WARN_DOCUMENTATION_COMMENTS = YES;
				CLANG_WARN_EMPTY_BODY = YES;
				CLANG_WARN_ENUM_CONVERSION = YES;
				CLANG_WARN_INFINITE_RECURSION = YES;
				CLANG_WARN_INT_CONVERSION = YES;
				CLANG_WARN_NON_LITERAL_NULL_CONVERSION = YES;
				CLANG_WARN_OBJC_IMPLICIT_RETAIN_SELF = YES;
				CLANG_WARN_OBJC_LITERAL_CONVERSION = YES;
				CLANG_WARN_OBJC_ROOT_CLASS = YES_ERROR;
				CLANG_WARN_QUOTED_INCLUDE_IN_FRAMEWORK_HEADER = YES;
				CLANG_WARN_RANGE_LOOP_ANALYSIS = YES;
				CLANG_WARN_STRICT_PROTOTYPES = YES;
				CLANG_WARN_SUSPICIOUS_MOVE = YES;
				CLANG_WARN_UNGUARDED_AVAILABILITY = YES_AGGRESSIVE;
				CLANG_WARN_UNREACHABLE_CODE = YES;
				CLANG_WARN__DUPLICATE_METHOD_MATCH = YES;
				COPY_PHASE_STRIP = NO;
				DEBUG_INFORMATION_FORMAT = "dwarf-with-dsym";
				ENABLE_NS_ASSERTIONS = NO;
				ENABLE_STRICT_OBJC_MSGSEND = YES;
				GCC_C_LANGUAGE_STANDARD = gnu11;
				GCC_NO_COMMON_BLOCKS = YES;
				GCC_WARN_64_TO_32_BIT_CONVERSION = YES;
				GCC_WARN_ABOUT_RETURN_TYPE = YES_ERROR;
				GCC_WARN_UNDECLARED_SELECTOR = YES;
				GCC_WARN_UNINITIALIZED_AUTOS = YES_AGGRESSIVE;
				GCC_WARN_UNUSED_FUNCTION = YES;
				GCC_WARN_UNUSED_VARIABLE = YES;
				IPHONEOS_DEPLOYMENT_TARGET = 16.4;
				MTL_ENABLE_DEBUG_INFO = NO;
				MTL_FAST_MATH = YES;
				SDKROOT = iphoneos;
				SWIFT_COMPILATION_MODE = wholemodule;
				SWIFT_OPTIMIZATION_LEVEL = "-O";
				VALIDATE_PRODUCT = YES;
			};
			name = Release;
		};
		D099644D2A6EA0B900B41CE3 /* Debug */ = {
			isa = XCBuildConfiguration;
			buildSettings = {
				ASSETCATALOG_COMPILER_APPICON_NAME = AppIcon;
				ASSETCATALOG_COMPILER_GLOBAL_ACCENT_COLOR_NAME = AccentColor;
				CODE_SIGN_STYLE = Automatic;
				CURRENT_PROJECT_VERSION = 1;
				DEVELOPMENT_ASSET_PATHS = "\"IceImageMemo/Preview Content\"";
				DEVELOPMENT_TEAM = G9SB864K3H;
				ENABLE_PREVIEWS = YES;
				GENERATE_INFOPLIST_FILE = YES;
				INFOPLIST_FILE = IceImageMemo/Info.plist;
				INFOPLIST_KEY_LSSupportsOpeningDocumentsInPlace = YES;
				INFOPLIST_KEY_NSCameraUsageDescription = "";
				INFOPLIST_KEY_UIApplicationSceneManifest_Generation = YES;
				INFOPLIST_KEY_UIApplicationSupportsIndirectInputEvents = YES;
				INFOPLIST_KEY_UILaunchScreen_Generation = YES;
				INFOPLIST_KEY_UISupportedInterfaceOrientations_iPad = "UIInterfaceOrientationPortrait UIInterfaceOrientationPortraitUpsideDown UIInterfaceOrientationLandscapeLeft UIInterfaceOrientationLandscapeRight";
				INFOPLIST_KEY_UISupportedInterfaceOrientations_iPhone = "UIInterfaceOrientationPortrait UIInterfaceOrientationLandscapeLeft UIInterfaceOrientationLandscapeRight";
				LD_RUNPATH_SEARCH_PATHS = (
					"$(inherited)",
					"@executable_path/Frameworks",
				);
				MARKETING_VERSION = 1.0;
				PRODUCT_BUNDLE_IDENTIFIER = app.masaharu.misaki.IceImageMemo;
				PRODUCT_NAME = "$(TARGET_NAME)";
				SWIFT_EMIT_LOC_STRINGS = YES;
				SWIFT_VERSION = 5.0;
				TARGETED_DEVICE_FAMILY = "1,2";
			};
			name = Debug;
		};
		D099644E2A6EA0B900B41CE3 /* Release */ = {
			isa = XCBuildConfiguration;
			buildSettings = {
				ASSETCATALOG_COMPILER_APPICON_NAME = AppIcon;
				ASSETCATALOG_COMPILER_GLOBAL_ACCENT_COLOR_NAME = AccentColor;
				CODE_SIGN_STYLE = Automatic;
				CURRENT_PROJECT_VERSION = 1;
				DEVELOPMENT_ASSET_PATHS = "\"IceImageMemo/Preview Content\"";
				DEVELOPMENT_TEAM = X492QDP79L;
				ENABLE_PREVIEWS = YES;
				GENERATE_INFOPLIST_FILE = YES;
				INFOPLIST_FILE = IceImageMemo/Info.plist;
				INFOPLIST_KEY_LSSupportsOpeningDocumentsInPlace = YES;
				INFOPLIST_KEY_NSCameraUsageDescription = "";
				INFOPLIST_KEY_UIApplicationSceneManifest_Generation = YES;
				INFOPLIST_KEY_UIApplicationSupportsIndirectInputEvents = YES;
				INFOPLIST_KEY_UILaunchScreen_Generation = YES;
				INFOPLIST_KEY_UISupportedInterfaceOrientations_iPad = "UIInterfaceOrientationPortrait UIInterfaceOrientationPortraitUpsideDown UIInterfaceOrientationLandscapeLeft UIInterfaceOrientationLandscapeRight";
				INFOPLIST_KEY_UISupportedInterfaceOrientations_iPhone = "UIInterfaceOrientationPortrait UIInterfaceOrientationLandscapeLeft UIInterfaceOrientationLandscapeRight";
				LD_RUNPATH_SEARCH_PATHS = (
					"$(inherited)",
					"@executable_path/Frameworks",
				);
				MARKETING_VERSION = 1.0;
				PRODUCT_BUNDLE_IDENTIFIER = app.masaharu.misaki.IceImageMemo;
				PRODUCT_NAME = "$(TARGET_NAME)";
				SWIFT_EMIT_LOC_STRINGS = YES;
				SWIFT_VERSION = 5.0;
				TARGETED_DEVICE_FAMILY = "1,2";
			};
			name = Release;
		};
/* End XCBuildConfiguration section */

/* Begin XCConfigurationList section */
		D09964392A6EA0B700B41CE3 /* Build configuration list for PBXProject "IceImageMemo" */ = {
			isa = XCConfigurationList;
			buildConfigurations = (
				D099644A2A6EA0B900B41CE3 /* Debug */,
				D099644B2A6EA0B900B41CE3 /* Release */,
			);
			defaultConfigurationIsVisible = 0;
			defaultConfigurationName = Release;
		};
		D099644C2A6EA0B900B41CE3 /* Build configuration list for PBXNativeTarget "IceImageMemo" */ = {
			isa = XCConfigurationList;
			buildConfigurations = (
				D099644D2A6EA0B900B41CE3 /* Debug */,
				D099644E2A6EA0B900B41CE3 /* Release */,
			);
			defaultConfigurationIsVisible = 0;
			defaultConfigurationName = Release;
		};
/* End XCConfigurationList section */
	};
	rootObject = D09964362A6EA0B700B41CE3 /* Project object */;
}
